# THIS IS AN AUTOGENERATED FILE. DO NOT EDIT THIS FILE DIRECTLY.
# yarn lockfile v1


"@playwright/test@^1.59.1":
  version "1.61.1"
  resolved "https://registry.yarnpkg.com/@playwright/test/-/test-1.61.1.tgz#48568dc22af7819e55fa5e8e3bc79b7e6a3e6675"
  integrity sha512-8nKv6+0RJSL9FE4jYOEGXnPeM/Hg12qZpmqzZjRh3qM0Y7c3z1mrOTfFLids72RDQYVh9WpLEfR5WdpNX4fkig==
  dependencies:
    playwright "1.61.1"

"@types/node@^24.10.1":
  version "24.13.3"
  resolved "https://registry.yarnpkg.com/@types/node/-/node-24.13.3.tgz#49f18bd3c647866dcda51a0756c145e14590ce16"
  integrity sha512-Dh8vAsV36ig5wa9OX4pXvMc9D3Veibfw2wix0CUwYODLD8nkj9UsLjASr49nPg+2eKzxhBV+v7L8pXvT4e639Q==
  dependencies:
    undici-types "~7.18.0"

fsevents@2.3.2:
  version "2.3.2"
  resolved "https://registry.yarnpkg.com/fsevents/-/fsevents-2.3.2.tgz#8a526f78b8fdf4623b709e0b975c52c24c02fd1a"
  integrity sha512-xiqMQR4xAeHTuB9uWm+fFRcIOgKBMiOBP+eXiyT7jsgVCq1bkVygt00oASowB7EdtpOHaaPgKt812P9ab+DDKA==

playwright-core@1.61.1:
  version "1.61.1"
  resolved "https://registry.yarnpkg.com/playwright-core/-/playwright-core-1.61.1.tgz#3c99841307efbbabc9d724c41a88c914705d15fc"
  integrity sha512-h7Qlt6m4REp25qvIdvbDtVmD4LqVXfpRxhORv9L0jzETM05p4fuPJ3dKyuSXQxDSbXnmS79HAgi9589lGSpLkg==

playwright@1.61.1:
  version "1.61.1"
  resolved "https://registry.yarnpkg.com/playwright/-/playwright-1.61.1.tgz#d8c0c06eb93c28981afc747bace453bdbd5018bc"
  integrity sha512-DWnY5o3YbLWK4GovuAVwpqL+1VwGNdUGrRr++8j8PtQQzvAVZUIMjKQ90fY689sEJZJBbZVw1rXaOKSTitkzPQ==
  dependencies:
    playwright-core "1.61.1"
  optionalDependencies:
    fsevents "2.3.2"

typescript@^6.0.3:
  version "6.0.3"
  resolved "https://registry.yarnpkg.com/typescript/-/typescript-6.0.3.tgz#90251dc007916e972786cb94d74d15b185577d21"
  integrity sha512-y2TvuxSZPDyQakkFRPZHKFm+KKVqIisdg9/CZwm9ftvKXLP8NRWj38/ODjNbr43SsoXqNuAisEf1GdCxqWcdBw==

undici-types@~7.18.0:
  version "7.18.2"
  resolved "https://registry.yarnpkg.com/undici-types/-/undici-types-7.18.2.tgz#29357a89e7b7ca4aef3bf0fd3fd0cd73884229e9"
  integrity sha512-AsuCzffGHJybSaRrmr5eHr81mwJU3kjw6M+uprWvCXiNeN9SOGwQ3Jn8jb8m3Z6izVgknn1R0FTCEAP2QrLY/w==
